
Microsoft Visual Studio Solution File, Format Version 12.00
# Visual Studio Version 17
VisualStudioVersion = 17.0.32112.339
MinimumVisualStudioVersion = 10.0.40219.1
Project("{2150E333-8FDC-42A3-9474-1A3956D46DE8}") = "Solution Items", "Solution Items", "{A8A0CCA6-C453-4035-BBE8-7481A6C6FDA7}"
	ProjectSection(SolutionItems) = preProject
		README.md = README.md
	EndProjectSection
EndProject
Project("{9A19103F-16F7-4668-BE54-9A1E7A4F7556}") = "BlazorProducts.Client", "BlazorProducts.Client\BlazorProducts.Client.csproj", "{05731CC5-303A-4F36-A8C4-135DA7469DC7}"
EndProject
Global
	GlobalSection(SolutionConfigurationPlatforms) = preSolution
		Debug|Any CPU = Debug|Any CPU
		Release|Any CPU = Release|Any CPU
	EndGlobalSection
	GlobalSection(ProjectConfigurationPlatforms) = postSolution
		{05731CC5-303A-4F36-A8C4-135DA7469DC7}.Debug|Any CPU.ActiveCfg = Debug|Any CPU
		{05731CC5-303A-4F36-A8C4-135DA7469DC7}.Debug|Any CPU.Build.0 = Debug|Any CPU
		{05731CC5-303A-4F36-A8C4-135DA7469DC7}.Release|Any CPU.ActiveCfg = Release|Any CPU
		{05731CC5-303A-4F36-A8C4-135DA7469DC7}.Release|Any CPU.Build.0 = Release|Any CPU
	EndGlobalSection
	GlobalSection(SolutionProperties) = preSolution
		HideSolutionNode = FALSE
	EndGlobalSection
	GlobalSection(ExtensibilityGlobals) = postSolution
		SolutionGuid = {C67FD75C-EB04-4C39-A9A1-8BF5A1AC2E5E}
	EndGlobalSection
EndGlobal
